
Microsoft Visual Studio Solution File, Format Version 12.00
# Visual Studio Version 17
VisualStudioVersion = 17.5.002.0
MinimumVisualStudioVersion = 10.0.40219.1
Project("{9A19103F-16F7-4668-BE54-9A1E7A4F7556}") = "phoneboot", "phoneboot.csproj", "{7CDAFFBD-6428-4F1B-9010-5704151CE61C}"
EndProject
Global
	GlobalSection(SolutionConfigurationPlatforms) = preSolution
		Debug|Any CPU = Debug|Any CPU
		Release|Any CPU = Release|Any CPU
	EndGlobalSection
	GlobalSection(ProjectConfigurationPlatforms) = postSolution
		{7CDAFFBD-6428-4F1B-9010-5704151CE61C}.Debug|Any CPU.ActiveCfg = Debug|Any CPU
		{7CDAFFBD-6428-4F1B-9010-5704151CE61C}.Debug|Any CPU.Build.0 = Debug|Any CPU
		{7CDAFFBD-6428-4F1B-9010-5704151CE61C}.Release|Any CPU.ActiveCfg = Release|Any CPU
		{7CDAFFBD-6428-4F1B-9010-5704151CE61C}.Release|Any CPU.Build.0 = Release|Any CPU
	EndGlobalSection
	GlobalSection(SolutionProperties) = preSolution
		HideSolutionNode = FALSE
	EndGlobalSection
	GlobalSection(ExtensibilityGlobals) = postSolution
		SolutionGuid = {1F85A39F-425F-43DD-9D84-73C0C404CF2E}
	EndGlobalSection
EndGlobal
